
Microsoft Visual Studio Solution File, Format Version 12.00
# Visual Studio Version 16
VisualStudioVersion = 16.0.31025.194
MinimumVisualStudioVersion = 10.0.40219.1
Project("{FAE04EC0-301F-11D3-BF4B-00C04F79EFBC}") = "LabS7.2", "LabS7.2\LabS7.2.csproj", "{5E4C2A35-BC79-4E24-9E52-F18DFFEBF055}"
EndProject
Global
	GlobalSection(SolutionConfigurationPlatforms) = preSolution
		Debug|Any CPU = Debug|Any CPU
		Release|Any CPU = Release|Any CPU
	EndGlobalSection
	GlobalSection(ProjectConfigurationPlatforms) = postSolution
		{5E4C2A35-BC79-4E24-9E52-F18DFFEBF055}.Debug|Any CPU.ActiveCfg = Debug|Any CPU
		{5E4C2A35-BC79-4E24-9E52-F18DFFEBF055}.Debug|Any CPU.Build.0 = Debug|Any CPU
		{5E4C2A35-BC79-4E24-9E52-F18DFFEBF055}.Release|Any CPU.ActiveCfg = Release|Any CPU
		{5E4C2A35-BC79-4E24-9E52-F18DFFEBF055}.Release|Any CPU.Build.0 = Release|Any CPU
	EndGlobalSection
	GlobalSection(SolutionProperties) = preSolution
		HideSolutionNode = FALSE
	EndGlobalSection
	GlobalSection(ExtensibilityGlobals) = postSolution
		SolutionGuid = {B252DC20-E997-44C1-B83B-7AC70442EF4C}
	EndGlobalSection
EndGlobal
